
Microsoft Visual Studio Solution File, Format Version 12.00
# Visual Studio 14
VisualStudioVersion = 14.0.23107.0
MinimumVisualStudioVersion = 10.0.40219.1
Project("{FAE04EC0-301F-11D3-BF4B-00C04F79EFBC}") = "a+b 1000", "a+b\a+b 1000.csproj", "{C9ACF86F-7F52-4A64-BA45-C48060FC4DEB}"
EndProject
Project("{FAE04EC0-301F-11D3-BF4B-00C04F79EFBC}") = "InvariantRoot 1001", "InvariantRoot\InvariantRoot 1001.csproj", "{408A1BEA-0B52-4E9D-947E-FD97E7B3C97F}"
EndProject
Project("{FAE04EC0-301F-11D3-BF4B-00C04F79EFBC}") = "DragonsLocalization 1785", "DragonsLocalization\DragonsLocalization 1785.csproj", "{AAD7C916-5C2F-4D27-9BD0-81D28408E081}"
EndProject
Project("{FAE04EC0-301F-11D3-BF4B-00C04F79EFBC}") = "Enya 1293", "Enya\Enya 1293.csproj", "{DE728171-77AF-4B14-804B-7500271B059D}"
EndProject
Project("{FAE04EC0-301F-11D3-BF4B-00C04F79EFBC}") = "BikeCodes 1877", "BikeCodes\BikeCodes 1877.csproj", "{449DE999-9CDB-484A-B283-3A5FECBDAE6B}"
EndProject
Project("{FAE04EC0-301F-11D3-BF4B-00C04F79EFBC}") = "DifferentNumbers", "DifferentNumbers\DifferentNumbers.csproj", "{01A8AA9E-93F4-4A0B-A9A1-4C82A51B0504}"
EndProject
Project("{FAE04EC0-301F-11D3-BF4B-00C04F79EFBC}") = "1409. Два бандита", "1409. Два бандита\1409. Два бандита.csproj", "{68BDED4A-4996-4B86-A5BF-7E2F7FF9F1C3}"
EndProject
Project("{FAE04EC0-301F-11D3-BF4B-00C04F79EFBC}") = "1820. Уральские бифштексы", "1820. Уральские бифштексы\1820. Уральские бифштексы.csproj", "{CD209662-3A5D-4327-B5BE-E2C157B00FFA}"
EndProject
Project("{FAE04EC0-301F-11D3-BF4B-00C04F79EFBC}") = "Override test", "Override test\Override test.csproj", "{5AF5BBBD-B141-4E99-AD3C-A20B72087AB6}"
EndProject
Project("{FAE04EC0-301F-11D3-BF4B-00C04F79EFBC}") = "1787. Turn for MEGA", "1787. Turn for MEGA\1787. Turn for MEGA.csproj", "{8E8F84B1-7857-4323-AA39-86C9D6944CED}"
EndProject
Project("{FAE04EC0-301F-11D3-BF4B-00C04F79EFBC}") = "crossover", "crossover\crossover.csproj", "{4ECD68A6-28CA-47AE-8ECF-2B225EAABC5F}"
EndProject
Project("{FAE04EC0-301F-11D3-BF4B-00C04F79EFBC}") = "EventExample", "EventExample\EventExample.csproj", "{0C39B3BB-B202-4C6C-9D2C-5EFCA9B69742}"
EndProject
Project("{FAE04EC0-301F-11D3-BF4B-00C04F79EFBC}") = "InheritanceTest", "InheritanceTest\InheritanceTest.csproj", "{F96F84A5-9D83-42DF-86F0-08C957D1E16F}"
EndProject
Project("{FAE04EC0-301F-11D3-BF4B-00C04F79EFBC}") = "1264. Workdays", "1264. Workdays\1264. Workdays.csproj", "{D00EAE7F-10D9-46A1-B6A7-32D02FE8B9AE}"
EndProject
Project("{FAE04EC0-301F-11D3-BF4B-00C04F79EFBC}") = "2012. About Grisha N", "2012. About Grisha N\2012. About Grisha N.csproj", "{B10D3160-208B-409A-92D8-1D32FA062126}"
EndProject
Project("{FAE04EC0-301F-11D3-BF4B-00C04F79EFBC}") = "1880. Psych Up's Eigenvalues", "1880. Psych Up's Eigenvalues\1880. Psych Up's Eigenvalues.csproj", "{696ACF92-B077-4ABA-9843-8C341B9AB7FC}"
EndProject
Project("{FAE04EC0-301F-11D3-BF4B-00C04F79EFBC}") = "2001. Mathematicians and Berries", "2001. Mathematicians and Berries\2001. Mathematicians and Berries.csproj", "{698FD14E-F847-409E-8990-10884DBF03DE}"
EndProject
Project("{FAE04EC0-301F-11D3-BF4B-00C04F79EFBC}") = "1197. Lonesome Knight", "1197. Lonesome Knight\1197. Lonesome Knight.csproj", "{91AA879C-59E6-4781-A361-9B96869F75DF}"
EndProject
Project("{FAE04EC0-301F-11D3-BF4B-00C04F79EFBC}") = "1910. Titan Ruins Hidden Entrance", "1910. Titan Ruins Hidden Entrance\1910. Titan Ruins Hidden Entrance.csproj", "{D2C76E32-BDD5-4EB7-B190-7F3545E2997C}"
EndProject
Project("{FAE04EC0-301F-11D3-BF4B-00C04F79EFBC}") = "1123. Salary", "1123. Salary\1123. Salary.csproj", "{B4614992-9A75-4E4F-A9FB-44C805B8B3F5}"
EndProject
Project("{FAE04EC0-301F-11D3-BF4B-00C04F79EFBC}") = "BubleSort", "BubleSort\BubleSort.csproj", "{CE029D5B-E582-4CEF-B55D-8897E5989073}"
EndProject
Project("{FAE04EC0-301F-11D3-BF4B-00C04F79EFBC}") = "1639. Chocolate 2", "1639. Chocolate 2\1639. Chocolate 2.csproj", "{1E1FF285-B107-4C85-8D72-CBBC5FB2088A}"
EndProject
Project("{FAE04EC0-301F-11D3-BF4B-00C04F79EFBC}") = "1924. Four Imps", "1924. Four Imps\1924. Four Imps.csproj", "{7A6C652F-556B-4D26-AF44-E399BBF80F82}"
EndProject
Project("{FAE04EC0-301F-11D3-BF4B-00C04F79EFBC}") = "1313. Some Words about Sport", "1313. Some Words about Sport\1313. Some Words about Sport.csproj", "{02502BA6-4DC5-4A08-AF54-401910672084}"
EndProject
Project("{FAE04EC0-301F-11D3-BF4B-00C04F79EFBC}") = "1209. Infonote10Digits", "1209. Infonote10Digits\1209. Infonote10Digits.csproj", "{DC013E0F-5A10-4FBA-83CC-9DC01CB879CE}"
EndProject
Project("{FAE04EC0-301F-11D3-BF4B-00C04F79EFBC}") = "1068. Sum", "1068. Sum\1068. Sum.csproj", "{2C9BAB64-B8F8-4E05-8EE2-1BBD65E085F2}"
EndProject
Project("{FAE04EC0-301F-11D3-BF4B-00C04F79EFBC}") = "1567. SMS-spam", "1567. SMS-spam\1567. SMS-spam.csproj", "{CD40348B-FDF9-402C-B800-49275A094B46}"
EndProject
Project("{FAE04EC0-301F-11D3-BF4B-00C04F79EFBC}") = "1319. Hotel", "1319. Hotel\1319. Hotel.csproj", "{67F69232-C559-4E27-A442-CB886CB0DFBA}"
EndProject
Project("{FAE04EC0-301F-11D3-BF4B-00C04F79EFBC}") = "1581. Teamwork", "1581. Teamwork\1581. Teamwork.csproj", "{2F5C998C-CF8A-4A93-97F7-DE343203BE42}"
EndProject
Project("{FAE04EC0-301F-11D3-BF4B-00C04F79EFBC}") = "1225. FlagsUNKNOWN", "1225. Flags\1225. FlagsUNKNOWN.csproj", "{1F2A2DF6-6E81-48C7-A2A9-2112BF5F97D6}"
EndProject
Project("{FAE04EC0-301F-11D3-BF4B-00C04F79EFBC}") = "2023. Donald is a postman", "2023. Donald is a postman\2023. Donald is a postman.csproj", "{7F3B546F-5214-4732-B264-30DDBA99BAC7}"
EndProject
Project("{FAE04EC0-301F-11D3-BF4B-00C04F79EFBC}") = "1263. Elections", "1263. Elections\1263. Elections.csproj", "{E634B177-DCAE-4F6F-9AB1-5A4C22789A8A}"
EndProject
Project("{FAE04EC0-301F-11D3-BF4B-00C04F79EFBC}") = "1585. Penguins", "1585. Penguins\1585. Penguins.csproj", "{6D2603DA-267C-4F8C-A9CC-6939570E42E7}"
EndProject
Project("{FAE04EC0-301F-11D3-BF4B-00C04F79EFBC}") = "1876. Centipede's Morning", "1876. Centipede's Morning\1876. Centipede's Morning.csproj", "{CE18CE04-EECC-4170-9A5A-16EAE9B00036}"
EndProject
Project("{FAE04EC0-301F-11D3-BF4B-00C04F79EFBC}") = "1100. Final Standings", "1100. Final Standings\1100. Final Standings.csproj", "{9FF15AF7-7098-4079-A8A0-B7900D2650ED}"
EndProject
Project("{FAE04EC0-301F-11D3-BF4B-00C04F79EFBC}") = "1881. Long problem statement", "1881. Long problem statement\1881. Long problem statement.csproj", "{97D36ACD-F650-450C-A6BC-675E6AE37D4C}"
EndProject
Project("{FAE04EC0-301F-11D3-BF4B-00C04F79EFBC}") = "1243. Divorce of the Seven Dwarfs", "1243. Divorce of the Seven Dwarfs\1243. Divorce of the Seven Dwarfs.csproj", "{3133C3D5-C276-4105-831E-C4CFD6E9B9E8}"
EndProject
Project("{FAE04EC0-301F-11D3-BF4B-00C04F79EFBC}") = "1327. Fuses", "1327. Fuses\1327. Fuses.csproj", "{7A2025B4-C414-4BD4-95D7-23BEE18C8F7E}"
EndProject
Project("{FAE04EC0-301F-11D3-BF4B-00C04F79EFBC}") = "1893. A380", "1893. A380\1893. A380.csproj", "{881BE9C0-F30C-4E16-8763-D99D8854A38E}"
EndProject
Project("{FAE04EC0-301F-11D3-BF4B-00C04F79EFBC}") = "1991. The battle near the swamp", "1991. The battle near the swamp\1991. The battle near the swamp.csproj", "{065C9975-AA8D-4E5B-9DE6-678A36A01F22}"
EndProject
Project("{FAE04EC0-301F-11D3-BF4B-00C04F79EFBC}") = "1110. Power", "1110. Power\1110. Power.csproj", "{A32508EB-E576-492B-AD25-117B49BEEC22}"
EndProject
Project("{FAE04EC0-301F-11D3-BF4B-00C04F79EFBC}") = "1493. One Step from Happiness", "1493. One Step from Happiness\1493. One Step from Happiness.csproj", "{50DB0461-70BB-4E7D-8D9A-876C9F11D5B4}"
EndProject
Project("{FAE04EC0-301F-11D3-BF4B-00C04F79EFBC}") = "1349. Farm", "1349. Farm\1349. Farm.csproj", "{5F45C542-BBFD-4BF1-873D-64377C4AF568}"
EndProject
Project("{FAE04EC0-301F-11D3-BF4B-00C04F79EFBC}") = "1607. Taxi", "1607. Taxi\1607. Taxi.csproj", "{CA63A074-A227-4B55-971E-58A53DE2D1DE}"
EndProject
Project("{FAE04EC0-301F-11D3-BF4B-00C04F79EFBC}") = "1925. British Scientists Save the World", "1925. British Scientists Save the World\1925. British Scientists Save the World.csproj", "{256AED8A-8889-404C-A856-A3A9032CC209}"
EndProject
Project("{FAE04EC0-301F-11D3-BF4B-00C04F79EFBC}") = "1496. Spammer", "1496. Spammer\1496. Spammer.csproj", "{44CE9A6D-9549-44BD-84C0-7B464FC708F1}"
EndProject
Global
	GlobalSection(SolutionConfigurationPlatforms) = preSolution
		Debug|Any CPU = Debug|Any CPU
		Release|Any CPU = Release|Any CPU
	EndGlobalSection
	GlobalSection(ProjectConfigurationPlatforms) = postSolution
		{C9ACF86F-7F52-4A64-BA45-C48060FC4DEB}.Debug|Any CPU.ActiveCfg = Debug|Any CPU
		{C9ACF86F-7F52-4A64-BA45-C48060FC4DEB}.Debug|Any CPU.Build.0 = Debug|Any CPU
		{C9ACF86F-7F52-4A64-BA45-C48060FC4DEB}.Release|Any CPU.ActiveCfg = Release|Any CPU
		{C9ACF86F-7F52-4A64-BA45-C48060FC4DEB}.Release|Any CPU.Build.0 = Release|Any CPU
		{408A1BEA-0B52-4E9D-947E-FD97E7B3C97F}.Debug|Any CPU.ActiveCfg = Debug|Any CPU
		{408A1BEA-0B52-4E9D-947E-FD97E7B3C97F}.Debug|Any CPU.Build.0 = Debug|Any CPU
		{408A1BEA-0B52-4E9D-947E-FD97E7B3C97F}.Release|Any CPU.ActiveCfg = Release|Any CPU
		{408A1BEA-0B52-4E9D-947E-FD97E7B3C97F}.Release|Any CPU.Build.0 = Release|Any CPU
		{AAD7C916-5C2F-4D27-9BD0-81D28408E081}.Debug|Any CPU.ActiveCfg = Debug|Any CPU
		{AAD7C916-5C2F-4D27-9BD0-81D28408E081}.Debug|Any CPU.Build.0 = Debug|Any CPU
		{AAD7C916-5C2F-4D27-9BD0-81D28408E081}.Release|Any CPU.ActiveCfg = Release|Any CPU
		{AAD7C916-5C2F-4D27-9BD0-81D28408E081}.Release|Any CPU.Build.0 = Release|Any CPU
		{DE728171-77AF-4B14-804B-7500271B059D}.Debug|Any CPU.ActiveCfg = Debug|Any CPU
		{DE728171-77AF-4B14-804B-7500271B059D}.Debug|Any CPU.Build.0 = Debug|Any CPU
		{DE728171-77AF-4B14-804B-7500271B059D}.Release|Any CPU.ActiveCfg = Release|Any CPU
		{DE728171-77AF-4B14-804B-7500271B059D}.Release|Any CPU.Build.0 = Release|Any CPU
		{449DE999-9CDB-484A-B283-3A5FECBDAE6B}.Debug|Any CPU.ActiveCfg = Debug|Any CPU
		{449DE999-9CDB-484A-B283-3A5FECBDAE6B}.Debug|Any CPU.Build.0 = Debug|Any CPU
		{449DE999-9CDB-484A-B283-3A5FECBDAE6B}.Release|Any CPU.ActiveCfg = Release|Any CPU
		{449DE999-9CDB-484A-B283-3A5FECBDAE6B}.Release|Any CPU.Build.0 = Release|Any CPU
		{01A8AA9E-93F4-4A0B-A9A1-4C82A51B0504}.Debug|Any CPU.ActiveCfg = Debug|Any CPU
		{01A8AA9E-93F4-4A0B-A9A1-4C82A51B0504}.Debug|Any CPU.Build.0 = Debug|Any CPU
		{01A8AA9E-93F4-4A0B-A9A1-4C82A51B0504}.Release|Any CPU.ActiveCfg = Release|Any CPU
		{01A8AA9E-93F4-4A0B-A9A1-4C82A51B0504}.Release|Any CPU.Build.0 = Release|Any CPU
		{68BDED4A-4996-4B86-A5BF-7E2F7FF9F1C3}.Debug|Any CPU.ActiveCfg = Debug|Any CPU
		{68BDED4A-4996-4B86-A5BF-7E2F7FF9F1C3}.Debug|Any CPU.Build.0 = Debug|Any CPU
		{68BDED4A-4996-4B86-A5BF-7E2F7FF9F1C3}.Release|Any CPU.ActiveCfg = Release|Any CPU
		{68BDED4A-4996-4B86-A5BF-7E2F7FF9F1C3}.Release|Any CPU.Build.0 = Release|Any CPU
		{CD209662-3A5D-4327-B5BE-E2C157B00FFA}.Debug|Any CPU.ActiveCfg = Debug|Any CPU
		{CD209662-3A5D-4327-B5BE-E2C157B00FFA}.Debug|Any CPU.Build.0 = Debug|Any CPU
		{CD209662-3A5D-4327-B5BE-E2C157B00FFA}.Release|Any CPU.ActiveCfg = Release|Any CPU
		{CD209662-3A5D-4327-B5BE-E2C157B00FFA}.Release|Any CPU.Build.0 = Release|Any CPU
		{5AF5BBBD-B141-4E99-AD3C-A20B72087AB6}.Debug|Any CPU.ActiveCfg = Debug|Any CPU
		{5AF5BBBD-B141-4E99-AD3C-A20B72087AB6}.Debug|Any CPU.Build.0 = Debug|Any CPU
		{5AF5BBBD-B141-4E99-AD3C-A20B72087AB6}.Release|Any CPU.ActiveCfg = Release|Any CPU
		{5AF5BBBD-B141-4E99-AD3C-A20B72087AB6}.Release|Any CPU.Build.0 = Release|Any CPU
		{8E8F84B1-7857-4323-AA39-86C9D6944CED}.Debug|Any CPU.ActiveCfg = Debug|Any CPU
		{8E8F84B1-7857-4323-AA39-86C9D6944CED}.Debug|Any CPU.Build.0 = Debug|Any CPU
		{8E8F84B1-7857-4323-AA39-86C9D6944CED}.Release|Any CPU.ActiveCfg = Release|Any CPU
		{8E8F84B1-7857-4323-AA39-86C9D6944CED}.Release|Any CPU.Build.0 = Release|Any CPU
		{4ECD68A6-28CA-47AE-8ECF-2B225EAABC5F}.Debug|Any CPU.ActiveCfg = Debug|Any CPU
		{4ECD68A6-28CA-47AE-8ECF-2B225EAABC5F}.Debug|Any CPU.Build.0 = Debug|Any CPU
		{4ECD68A6-28CA-47AE-8ECF-2B225EAABC5F}.Release|Any CPU.ActiveCfg = Release|Any CPU
		{4ECD68A6-28CA-47AE-8ECF-2B225EAABC5F}.Release|Any CPU.Build.0 = Release|Any CPU
		{0C39B3BB-B202-4C6C-9D2C-5EFCA9B69742}.Debug|Any CPU.ActiveCfg = Debug|Any CPU
		{0C39B3BB-B202-4C6C-9D2C-5EFCA9B69742}.Debug|Any CPU.Build.0 = Debug|Any CPU
		{0C39B3BB-B202-4C6C-9D2C-5EFCA9B69742}.Release|Any CPU.ActiveCfg = Release|Any CPU
		{0C39B3BB-B202-4C6C-9D2C-5EFCA9B69742}.Release|Any CPU.Build.0 = Release|Any CPU
		{F96F84A5-9D83-42DF-86F0-08C957D1E16F}.Debug|Any CPU.ActiveCfg = Debug|Any CPU
		{F96F84A5-9D83-42DF-86F0-08C957D1E16F}.Debug|Any CPU.Build.0 = Debug|Any CPU
		{F96F84A5-9D83-42DF-86F0-08C957D1E16F}.Release|Any CPU.ActiveCfg = Release|Any CPU
		{F96F84A5-9D83-42DF-86F0-08C957D1E16F}.Release|Any CPU.Build.0 = Release|Any CPU
		{D00EAE7F-10D9-46A1-B6A7-32D02FE8B9AE}.Debug|Any CPU.ActiveCfg = Debug|Any CPU
		{D00EAE7F-10D9-46A1-B6A7-32D02FE8B9AE}.Debug|Any CPU.Build.0 = Debug|Any CPU
		{D00EAE7F-10D9-46A1-B6A7-32D02FE8B9AE}.Release|Any CPU.ActiveCfg = Release|Any CPU
		{D00EAE7F-10D9-46A1-B6A7-32D02FE8B9AE}.Release|Any CPU.Build.0 = Release|Any CPU
		{B10D3160-208B-409A-92D8-1D32FA062126}.Debug|Any CPU.ActiveCfg = Debug|Any CPU
		{B10D3160-208B-409A-92D8-1D32FA062126}.Debug|Any CPU.Build.0 = Debug|Any CPU
		{B10D3160-208B-409A-92D8-1D32FA062126}.Release|Any CPU.ActiveCfg = Release|Any CPU
		{B10D3160-208B-409A-92D8-1D32FA062126}.Release|Any CPU.Build.0 = Release|Any CPU
		{696ACF92-B077-4ABA-9843-8C341B9AB7FC}.Debug|Any CPU.ActiveCfg = Debug|Any CPU
		{696ACF92-B077-4ABA-9843-8C341B9AB7FC}.Debug|Any CPU.Build.0 = Debug|Any CPU
		{696ACF92-B077-4ABA-9843-8C341B9AB7FC}.Release|Any CPU.ActiveCfg = Release|Any CPU
		{696ACF92-B077-4ABA-9843-8C341B9AB7FC}.Release|Any CPU.Build.0 = Release|Any CPU
		{698FD14E-F847-409E-8990-10884DBF03DE}.Debug|Any CPU.ActiveCfg = Debug|Any CPU
		{698FD14E-F847-409E-8990-10884DBF03DE}.Debug|Any CPU.Build.0 = Debug|Any CPU
		{698FD14E-F847-409E-8990-10884DBF03DE}.Release|Any CPU.ActiveCfg = Release|Any CPU
		{698FD14E-F847-409E-8990-10884DBF03DE}.Release|Any CPU.Build.0 = Release|Any CPU
		{91AA879C-59E6-4781-A361-9B96869F75DF}.Debug|Any CPU.ActiveCfg = Debug|Any CPU
		{91AA879C-59E6-4781-A361-9B96869F75DF}.Debug|Any CPU.Build.0 = Debug|Any CPU
		{91AA879C-59E6-4781-A361-9B96869F75DF}.Release|Any CPU.ActiveCfg = Release|Any CPU
		{91AA879C-59E6-4781-A361-9B96869F75DF}.Release|Any CPU.Build.0 = Release|Any CPU
		{D2C76E32-BDD5-4EB7-B190-7F3545E2997C}.Debug|Any CPU.ActiveCfg = Debug|Any CPU
		{D2C76E32-BDD5-4EB7-B190-7F3545E2997C}.Debug|Any CPU.Build.0 = Debug|Any CPU
		{D2C76E32-BDD5-4EB7-B190-7F3545E2997C}.Release|Any CPU.ActiveCfg = Release|Any CPU
		{D2C76E32-BDD5-4EB7-B190-7F3545E2997C}.Release|Any CPU.Build.0 = Release|Any CPU
		{B4614992-9A75-4E4F-A9FB-44C805B8B3F5}.Debug|Any CPU.ActiveCfg = Debug|Any CPU
		{B4614992-9A75-4E4F-A9FB-44C805B8B3F5}.Debug|Any CPU.Build.0 = Debug|Any CPU
		{B4614992-9A75-4E4F-A9FB-44C805B8B3F5}.Release|Any CPU.ActiveCfg = Release|Any CPU
		{B4614992-9A75-4E4F-A9FB-44C805B8B3F5}.Release|Any CPU.Build.0 = Release|Any CPU
		{CE029D5B-E582-4CEF-B55D-8897E5989073}.Debug|Any CPU.ActiveCfg = Debug|Any CPU
		{CE029D5B-E582-4CEF-B55D-8897E5989073}.Debug|Any CPU.Build.0 = Debug|Any CPU
		{CE029D5B-E582-4CEF-B55D-8897E5989073}.Release|Any CPU.ActiveCfg = Release|Any CPU
		{CE029D5B-E582-4CEF-B55D-8897E5989073}.Release|Any CPU.Build.0 = Release|Any CPU
		{1E1FF285-B107-4C85-8D72-CBBC5FB2088A}.Debug|Any CPU.ActiveCfg = Debug|Any CPU
		{1E1FF285-B107-4C85-8D72-CBBC5FB2088A}.Debug|Any CPU.Build.0 = Debug|Any CPU
		{1E1FF285-B107-4C85-8D72-CBBC5FB2088A}.Release|Any CPU.ActiveCfg = Release|Any CPU
		{1E1FF285-B107-4C85-8D72-CBBC5FB2088A}.Release|Any CPU.Build.0 = Release|Any CPU
		{7A6C652F-556B-4D26-AF44-E399BBF80F82}.Debug|Any CPU.ActiveCfg = Debug|Any CPU
		{7A6C652F-556B-4D26-AF44-E399BBF80F82}.Debug|Any CPU.Build.0 = Debug|Any CPU
		{7A6C652F-556B-4D26-AF44-E399BBF80F82}.Release|Any CPU.ActiveCfg = Release|Any CPU
		{7A6C652F-556B-4D26-AF44-E399BBF80F82}.Release|Any CPU.Build.0 = Release|Any CPU
		{02502BA6-4DC5-4A08-AF54-401910672084}.Debug|Any CPU.ActiveCfg = Debug|Any CPU
		{02502BA6-4DC5-4A08-AF54-401910672084}.Debug|Any CPU.Build.0 = Debug|Any CPU
		{02502BA6-4DC5-4A08-AF54-401910672084}.Release|Any CPU.ActiveCfg = Release|Any CPU
		{02502BA6-4DC5-4A08-AF54-401910672084}.Release|Any CPU.Build.0 = Release|Any CPU
		{DC013E0F-5A10-4FBA-83CC-9DC01CB879CE}.Debug|Any CPU.ActiveCfg = Debug|Any CPU
		{DC013E0F-5A10-4FBA-83CC-9DC01CB879CE}.Debug|Any CPU.Build.0 = Debug|Any CPU
		{DC013E0F-5A10-4FBA-83CC-9DC01CB879CE}.Release|Any CPU.ActiveCfg = Release|Any CPU
		{DC013E0F-5A10-4FBA-83CC-9DC01CB879CE}.Release|Any CPU.Build.0 = Release|Any CPU
		{2C9BAB64-B8F8-4E05-8EE2-1BBD65E085F2}.Debug|Any CPU.ActiveCfg = Debug|Any CPU
		{2C9BAB64-B8F8-4E05-8EE2-1BBD65E085F2}.Debug|Any CPU.Build.0 = Debug|Any CPU
		{2C9BAB64-B8F8-4E05-8EE2-1BBD65E085F2}.Release|Any CPU.ActiveCfg = Release|Any CPU
		{2C9BAB64-B8F8-4E05-8EE2-1BBD65E085F2}.Release|Any CPU.Build.0 = Release|Any CPU
		{CD40348B-FDF9-402C-B800-49275A094B46}.Debug|Any CPU.ActiveCfg = Debug|Any CPU
		{CD40348B-FDF9-402C-B800-49275A094B46}.Debug|Any CPU.Build.0 = Debug|Any CPU
		{CD40348B-FDF9-402C-B800-49275A094B46}.Release|Any CPU.ActiveCfg = Release|Any CPU
		{CD40348B-FDF9-402C-B800-49275A094B46}.Release|Any CPU.Build.0 = Release|Any CPU
		{67F69232-C559-4E27-A442-CB886CB0DFBA}.Debug|Any CPU.ActiveCfg = Debug|Any CPU
		{67F69232-C559-4E27-A442-CB886CB0DFBA}.Debug|Any CPU.Build.0 = Debug|Any CPU
		{67F69232-C559-4E27-A442-CB886CB0DFBA}.Release|Any CPU.ActiveCfg = Release|Any CPU
		{67F69232-C559-4E27-A442-CB886CB0DFBA}.Release|Any CPU.Build.0 = Release|Any CPU
		{2F5C998C-CF8A-4A93-97F7-DE343203BE42}.Debug|Any CPU.ActiveCfg = Debug|Any CPU
		{2F5C998C-CF8A-4A93-97F7-DE343203BE42}.Debug|Any CPU.Build.0 = Debug|Any CPU
		{2F5C998C-CF8A-4A93-97F7-DE343203BE42}.Release|Any CPU.ActiveCfg = Release|Any CPU
		{2F5C998C-CF8A-4A93-97F7-DE343203BE42}.Release|Any CPU.Build.0 = Release|Any CPU
		{1F2A2DF6-6E81-48C7-A2A9-2112BF5F97D6}.Debug|Any CPU.ActiveCfg = Debug|Any CPU
		{1F2A2DF6-6E81-48C7-A2A9-2112BF5F97D6}.Debug|Any CPU.Build.0 = Debug|Any CPU
		{1F2A2DF6-6E81-48C7-A2A9-2112BF5F97D6}.Release|Any CPU.ActiveCfg = Release|Any CPU
		{1F2A2DF6-6E81-48C7-A2A9-2112BF5F97D6}.Release|Any CPU.Build.0 = Release|Any CPU
		{7F3B546F-5214-4732-B264-30DDBA99BAC7}.Debug|Any CPU.ActiveCfg = Debug|Any CPU
		{7F3B546F-5214-4732-B264-30DDBA99BAC7}.Debug|Any CPU.Build.0 = Debug|Any CPU
		{7F3B546F-5214-4732-B264-30DDBA99BAC7}.Release|Any CPU.ActiveCfg = Release|Any CPU
		{7F3B546F-5214-4732-B264-30DDBA99BAC7}.Release|Any CPU.Build.0 = Release|Any CPU
		{E634B177-DCAE-4F6F-9AB1-5A4C22789A8A}.Debug|Any CPU.ActiveCfg = Debug|Any CPU
		{E634B177-DCAE-4F6F-9AB1-5A4C22789A8A}.Debug|Any CPU.Build.0 = Debug|Any CPU
		{E634B177-DCAE-4F6F-9AB1-5A4C22789A8A}.Release|Any CPU.ActiveCfg = Release|Any CPU
		{E634B177-DCAE-4F6F-9AB1-5A4C22789A8A}.Release|Any CPU.Build.0 = Release|Any CPU
		{6D2603DA-267C-4F8C-A9CC-6939570E42E7}.Debug|Any CPU.ActiveCfg = Debug|Any CPU
		{6D2603DA-267C-4F8C-A9CC-6939570E42E7}.Debug|Any CPU.Build.0 = Debug|Any CPU
		{6D2603DA-267C-4F8C-A9CC-6939570E42E7}.Release|Any CPU.ActiveCfg = Release|Any CPU
		{6D2603DA-267C-4F8C-A9CC-6939570E42E7}.Release|Any CPU.Build.0 = Release|Any CPU
		{CE18CE04-EECC-4170-9A5A-16EAE9B00036}.Debug|Any CPU.ActiveCfg = Debug|Any CPU
		{CE18CE04-EECC-4170-9A5A-16EAE9B00036}.Debug|Any CPU.Build.0 = Debug|Any CPU
		{CE18CE04-EECC-4170-9A5A-16EAE9B00036}.Release|Any CPU.ActiveCfg = Release|Any CPU
		{CE18CE04-EECC-4170-9A5A-16EAE9B00036}.Release|Any CPU.Build.0 = Release|Any CPU
		{9FF15AF7-7098-4079-A8A0-B7900D2650ED}.Debug|Any CPU.ActiveCfg = Debug|Any CPU
		{9FF15AF7-7098-4079-A8A0-B7900D2650ED}.Debug|Any CPU.Build.0 = Debug|Any CPU
		{9FF15AF7-7098-4079-A8A0-B7900D2650ED}.Release|Any CPU.ActiveCfg = Release|Any CPU
		{9FF15AF7-7098-4079-A8A0-B7900D2650ED}.Release|Any CPU.Build.0 = Release|Any CPU
		{97D36ACD-F650-450C-A6BC-675E6AE37D4C}.Debug|Any CPU.ActiveCfg = Debug|Any CPU
		{97D36ACD-F650-450C-A6BC-675E6AE37D4C}.Debug|Any CPU.Build.0 = Debug|Any CPU
		{97D36ACD-F650-450C-A6BC-675E6AE37D4C}.Release|Any CPU.ActiveCfg = Release|Any CPU
		{97D36ACD-F650-450C-A6BC-675E6AE37D4C}.Release|Any CPU.Build.0 = Release|Any CPU
		{3133C3D5-C276-4105-831E-C4CFD6E9B9E8}.Debug|Any CPU.ActiveCfg = Debug|Any CPU
		{3133C3D5-C276-4105-831E-C4CFD6E9B9E8}.Debug|Any CPU.Build.0 = Debug|Any CPU
		{3133C3D5-C276-4105-831E-C4CFD6E9B9E8}.Release|Any CPU.ActiveCfg = Release|Any CPU
		{3133C3D5-C276-4105-831E-C4CFD6E9B9E8}.Release|Any CPU.Build.0 = Release|Any CPU
		{7A2025B4-C414-4BD4-95D7-23BEE18C8F7E}.Debug|Any CPU.ActiveCfg = Debug|Any CPU
		{7A2025B4-C414-4BD4-95D7-23BEE18C8F7E}.Debug|Any CPU.Build.0 = Debug|Any CPU
		{7A2025B4-C414-4BD4-95D7-23BEE18C8F7E}.Release|Any CPU.ActiveCfg = Release|Any CPU
		{7A2025B4-C414-4BD4-95D7-23BEE18C8F7E}.Release|Any CPU.Build.0 = Release|Any CPU
		{881BE9C0-F30C-4E16-8763-D99D8854A38E}.Debug|Any CPU.ActiveCfg = Debug|Any CPU
		{881BE9C0-F30C-4E16-8763-D99D8854A38E}.Debug|Any CPU.Build.0 = Debug|Any CPU
		{881BE9C0-F30C-4E16-8763-D99D8854A38E}.Release|Any CPU.ActiveCfg = Release|Any CPU
		{881BE9C0-F30C-4E16-8763-D99D8854A38E}.Release|Any CPU.Build.0 = Release|Any CPU
		{065C9975-AA8D-4E5B-9DE6-678A36A01F22}.Debug|Any CPU.ActiveCfg = Debug|Any CPU
		{065C9975-AA8D-4E5B-9DE6-678A36A01F22}.Debug|Any CPU.Build.0 = Debug|Any CPU
		{065C9975-AA8D-4E5B-9DE6-678A36A01F22}.Release|Any CPU.ActiveCfg = Release|Any CPU
		{065C9975-AA8D-4E5B-9DE6-678A36A01F22}.Release|Any CPU.Build.0 = Release|Any CPU
		{A32508EB-E576-492B-AD25-117B49BEEC22}.Debug|Any CPU.ActiveCfg = Debug|Any CPU
		{A32508EB-E576-492B-AD25-117B49BEEC22}.Debug|Any CPU.Build.0 = Debug|Any CPU
		{A32508EB-E576-492B-AD25-117B49BEEC22}.Release|Any CPU.ActiveCfg = Release|Any CPU
		{A32508EB-E576-492B-AD25-117B49BEEC22}.Release|Any CPU.Build.0 = Release|Any CPU
		{50DB0461-70BB-4E7D-8D9A-876C9F11D5B4}.Debug|Any CPU.ActiveCfg = Debug|Any CPU
		{50DB0461-70BB-4E7D-8D9A-876C9F11D5B4}.Debug|Any CPU.Build.0 = Debug|Any CPU
		{50DB0461-70BB-4E7D-8D9A-876C9F11D5B4}.Release|Any CPU.ActiveCfg = Release|Any CPU
		{50DB0461-70BB-4E7D-8D9A-876C9F11D5B4}.Release|Any CPU.Build.0 = Release|Any CPU
		{5F45C542-BBFD-4BF1-873D-64377C4AF568}.Debug|Any CPU.ActiveCfg = Debug|Any CPU
		{5F45C542-BBFD-4BF1-873D-64377C4AF568}.Debug|Any CPU.Build.0 = Debug|Any CPU
		{5F45C542-BBFD-4BF1-873D-64377C4AF568}.Release|Any CPU.ActiveCfg = Release|Any CPU
		{5F45C542-BBFD-4BF1-873D-64377C4AF568}.Release|Any CPU.Build.0 = Release|Any CPU
		{CA63A074-A227-4B55-971E-58A53DE2D1DE}.Debug|Any CPU.ActiveCfg = Debug|Any CPU
		{CA63A074-A227-4B55-971E-58A53DE2D1DE}.Debug|Any CPU.Build.0 = Debug|Any CPU
		{CA63A074-A227-4B55-971E-58A53DE2D1DE}.Release|Any CPU.ActiveCfg = Release|Any CPU
		{CA63A074-A227-4B55-971E-58A53DE2D1DE}.Release|Any CPU.Build.0 = Release|Any CPU
		{256AED8A-8889-404C-A856-A3A9032CC209}.Debug|Any CPU.ActiveCfg = Debug|Any CPU
		{256AED8A-8889-404C-A856-A3A9032CC209}.Debug|Any CPU.Build.0 = Debug|Any CPU
		{256AED8A-8889-404C-A856-A3A9032CC209}.Release|Any CPU.ActiveCfg = Release|Any CPU
		{256AED8A-8889-404C-A856-A3A9032CC209}.Release|Any CPU.Build.0 = Release|Any CPU
		{44CE9A6D-9549-44BD-84C0-7B464FC708F1}.Debug|Any CPU.ActiveCfg = Debug|Any CPU
		{44CE9A6D-9549-44BD-84C0-7B464FC708F1}.Debug|Any CPU.Build.0 = Debug|Any CPU
		{44CE9A6D-9549-44BD-84C0-7B464FC708F1}.Release|Any CPU.ActiveCfg = Release|Any CPU
		{44CE9A6D-9549-44BD-84C0-7B464FC708F1}.Release|Any CPU.Build.0 = Release|Any CPU
	EndGlobalSection
	GlobalSection(SolutionProperties) = preSolution
		HideSolutionNode = FALSE
	EndGlobalSection
EndGlobal
